
Microsoft Visual Studio Solution File, Format Version 12.00
# Visual Studio Version 17
VisualStudioVersion = 17.6.33723.286
MinimumVisualStudioVersion = 10.0.40219.1
Project("{FAE04EC0-301F-11D3-BF4B-00C04F79EFBC}") = "AvaliacaoDjalma", "AvaliacaoDjalma\AvaliacaoDjalma.csproj", "{DC681DF2-A2EE-4E45-9AC1-5965A91D81EA}"
EndProject
Global
	GlobalSection(SolutionConfigurationPlatforms) = preSolution
		Debug|Any CPU = Debug|Any CPU
		Release|Any CPU = Release|Any CPU
	EndGlobalSection
	GlobalSection(ProjectConfigurationPlatforms) = postSolution
		{DC681DF2-A2EE-4E45-9AC1-5965A91D81EA}.Debug|Any CPU.ActiveCfg = Debug|Any CPU
		{DC681DF2-A2EE-4E45-9AC1-5965A91D81EA}.Debug|Any CPU.Build.0 = Debug|Any CPU
		{DC681DF2-A2EE-4E45-9AC1-5965A91D81EA}.Release|Any CPU.ActiveCfg = Release|Any CPU
		{DC681DF2-A2EE-4E45-9AC1-5965A91D81EA}.Release|Any CPU.Build.0 = Release|Any CPU
	EndGlobalSection
	GlobalSection(SolutionProperties) = preSolution
		HideSolutionNode = FALSE
	EndGlobalSection
	GlobalSection(ExtensibilityGlobals) = postSolution
		SolutionGuid = {E5BE5D00-E29E-4B41-A227-C8BB91183E63}
	EndGlobalSection
EndGlobal
